
Microsoft Visual Studio Solution File, Format Version 12.00
# Visual Studio Version 17
VisualStudioVersion = 17.2.32505.173
MinimumVisualStudioVersion = 10.0.40219.1
Project("{FAE04EC0-301F-11D3-BF4B-00C04F79EFBC}") = "TatBlog.Core", "TatBlog.Core\TatBlog.Core.csproj", "{4051A400-7CE9-4A0C-9DF8-17B5816BF0BE}"
EndProject
Project("{FAE04EC0-301F-11D3-BF4B-00C04F79EFBC}") = "TatBlog.Data", "TatBlog.Data\TatBlog.Data.csproj", "{15353A3D-6A49-4A37-AC91-9EE2EBB83355}"
EndProject
Project("{FAE04EC0-301F-11D3-BF4B-00C04F79EFBC}") = "TatBlog.Services", "TatBlog.Services\TatBlog.Services.csproj", "{18A5D5A9-EA19-42C7-A3E9-3A744EF52776}"
EndProject
Project("{FAE04EC0-301F-11D3-BF4B-00C04F79EFBC}") = "TatBlog.WinApp", "TatBlog.WinApp\TatBlog.WinApp.csproj", "{8259CA7E-7CB0-48E6-977D-711FBBDF387D}"
EndProject
Global
	GlobalSection(SolutionConfigurationPlatforms) = preSolution
		Debug|Any CPU = Debug|Any CPU
		Release|Any CPU = Release|Any CPU
	EndGlobalSection
	GlobalSection(ProjectConfigurationPlatforms) = postSolution
		{4051A400-7CE9-4A0C-9DF8-17B5816BF0BE}.Debug|Any CPU.ActiveCfg = Debug|Any CPU
		{4051A400-7CE9-4A0C-9DF8-17B5816BF0BE}.Debug|Any CPU.Build.0 = Debug|Any CPU
		{4051A400-7CE9-4A0C-9DF8-17B5816BF0BE}.Release|Any CPU.ActiveCfg = Release|Any CPU
		{4051A400-7CE9-4A0C-9DF8-17B5816BF0BE}.Release|Any CPU.Build.0 = Release|Any CPU
		{15353A3D-6A49-4A37-AC91-9EE2EBB83355}.Debug|Any CPU.ActiveCfg = Debug|Any CPU
		{15353A3D-6A49-4A37-AC91-9EE2EBB83355}.Debug|Any CPU.Build.0 = Debug|Any CPU
		{15353A3D-6A49-4A37-AC91-9EE2EBB83355}.Release|Any CPU.ActiveCfg = Release|Any CPU
		{15353A3D-6A49-4A37-AC91-9EE2EBB83355}.Release|Any CPU.Build.0 = Release|Any CPU
		{18A5D5A9-EA19-42C7-A3E9-3A744EF52776}.Debug|Any CPU.ActiveCfg = Debug|Any CPU
		{18A5D5A9-EA19-42C7-A3E9-3A744EF52776}.Debug|Any CPU.Build.0 = Debug|Any CPU
		{18A5D5A9-EA19-42C7-A3E9-3A744EF52776}.Release|Any CPU.ActiveCfg = Release|Any CPU
		{18A5D5A9-EA19-42C7-A3E9-3A744EF52776}.Release|Any CPU.Build.0 = Release|Any CPU
		{8259CA7E-7CB0-48E6-977D-711FBBDF387D}.Debug|Any CPU.ActiveCfg = Debug|Any CPU
		{8259CA7E-7CB0-48E6-977D-711FBBDF387D}.Debug|Any CPU.Build.0 = Debug|Any CPU
		{8259CA7E-7CB0-48E6-977D-711FBBDF387D}.Release|Any CPU.ActiveCfg = Release|Any CPU
		{8259CA7E-7CB0-48E6-977D-711FBBDF387D}.Release|Any CPU.Build.0 = Release|Any CPU
	EndGlobalSection
	GlobalSection(SolutionProperties) = preSolution
		HideSolutionNode = FALSE
	EndGlobalSection
	GlobalSection(ExtensibilityGlobals) = postSolution
		SolutionGuid = {2C96D1CD-A1F2-4C15-BC98-D33B66055513}
	EndGlobalSection
EndGlobal
